
Microsoft Visual Studio Solution File, Format Version 12.00
# Visual Studio 15
VisualStudioVersion = 15.0.28307.572
MinimumVisualStudioVersion = 10.0.40219.1
Project("{9A19103F-16F7-4668-BE54-9A1E7A4F7556}") = "TaskManagerAPI", "TaskManagerAPI\TaskManagerAPI.csproj", "{3B61F6E9-FF84-4285-923E-4639D86316B0}"
EndProject
Project("{FAE04EC0-301F-11D3-BF4B-00C04F79EFBC}") = "TaskManagerAPI.NUnitTest", "TaskManagerAPI.NUnitTest\TaskManagerAPI.NUnitTest.csproj", "{6FC2C1CB-E66E-4756-AFE6-4D089555A176}"
EndProject
Global
	GlobalSection(SolutionConfigurationPlatforms) = preSolution
		Debug|Any CPU = Debug|Any CPU
		Release|Any CPU = Release|Any CPU
	EndGlobalSection
	GlobalSection(ProjectConfigurationPlatforms) = postSolution
		{3B61F6E9-FF84-4285-923E-4639D86316B0}.Debug|Any CPU.ActiveCfg = Debug|Any CPU
		{3B61F6E9-FF84-4285-923E-4639D86316B0}.Debug|Any CPU.Build.0 = Debug|Any CPU
		{3B61F6E9-FF84-4285-923E-4639D86316B0}.Release|Any CPU.ActiveCfg = Release|Any CPU
		{3B61F6E9-FF84-4285-923E-4639D86316B0}.Release|Any CPU.Build.0 = Release|Any CPU
		{6FC2C1CB-E66E-4756-AFE6-4D089555A176}.Debug|Any CPU.ActiveCfg = Debug|Any CPU
		{6FC2C1CB-E66E-4756-AFE6-4D089555A176}.Debug|Any CPU.Build.0 = Debug|Any CPU
		{6FC2C1CB-E66E-4756-AFE6-4D089555A176}.Release|Any CPU.ActiveCfg = Release|Any CPU
		{6FC2C1CB-E66E-4756-AFE6-4D089555A176}.Release|Any CPU.Build.0 = Release|Any CPU
	EndGlobalSection
	GlobalSection(SolutionProperties) = preSolution
		HideSolutionNode = FALSE
	EndGlobalSection
	GlobalSection(ExtensibilityGlobals) = postSolution
		SolutionGuid = {2C05E1C3-57CF-431A-B199-2255C350507A}
	EndGlobalSection
EndGlobal
